# THIS IS AN AUTOGENERATED FILE. DO NOT EDIT THIS FILE DIRECTLY.
# yarn lockfile v1


preact@^10.5.12:
  version "10.5.12"
  resolved "https://registry.yarnpkg.com/preact/-/preact-10.5.12.tgz#6a8ee8bf40a695c505df9abebacd924e4dd37704"

prettier@^2.2.1:
  version "2.2.1"
  resolved "https://registry.yarnpkg.com/prettier/-/prettier-2.2.1.tgz#795a1a78dd52f073da0cd42b21f9c91381923ff5"
